
Microsoft Visual Studio Solution File, Format Version 12.00
# Visual Studio Version 17
VisualStudioVersion = 17.1.32328.378
MinimumVisualStudioVersion = 10.0.40219.1
Project("{FAE04EC0-301F-11D3-BF4B-00C04F79EFBC}") = "Prova(II Bimestre)", "Prova(II Bimestre)\Prova(II Bimestre).csproj", "{AA2CB559-20B3-4EBC-B804-B09358B2C592}"
EndProject
Global
	GlobalSection(SolutionConfigurationPlatforms) = preSolution
		Debug|Any CPU = Debug|Any CPU
		Release|Any CPU = Release|Any CPU
	EndGlobalSection
	GlobalSection(ProjectConfigurationPlatforms) = postSolution
		{AA2CB559-20B3-4EBC-B804-B09358B2C592}.Debug|Any CPU.ActiveCfg = Debug|Any CPU
		{AA2CB559-20B3-4EBC-B804-B09358B2C592}.Debug|Any CPU.Build.0 = Debug|Any CPU
		{AA2CB559-20B3-4EBC-B804-B09358B2C592}.Release|Any CPU.ActiveCfg = Release|Any CPU
		{AA2CB559-20B3-4EBC-B804-B09358B2C592}.Release|Any CPU.Build.0 = Release|Any CPU
	EndGlobalSection
	GlobalSection(SolutionProperties) = preSolution
		HideSolutionNode = FALSE
	EndGlobalSection
	GlobalSection(ExtensibilityGlobals) = postSolution
		SolutionGuid = {45BAAD5B-9DF8-4341-B709-7A4A6AFC2409}
	EndGlobalSection
EndGlobal
